
Microsoft Visual Studio Solution File, Format Version 12.00
# Visual Studio 15
VisualStudioVersion = 15.0.28307.572
MinimumVisualStudioVersion = 10.0.40219.1
Project("{F184B08F-C81C-45F6-A57F-5ABD9991F28F}") = "sekiro", "sekiro\sekiro.vbproj", "{C46D6AB3-7906-46D1-963B-758D9C8FB6B1}"
EndProject
Global
	GlobalSection(SolutionConfigurationPlatforms) = preSolution
		Debug|Any CPU = Debug|Any CPU
		Release|Any CPU = Release|Any CPU
	EndGlobalSection
	GlobalSection(ProjectConfigurationPlatforms) = postSolution
		{C46D6AB3-7906-46D1-963B-758D9C8FB6B1}.Debug|Any CPU.ActiveCfg = Debug|Any CPU
		{C46D6AB3-7906-46D1-963B-758D9C8FB6B1}.Debug|Any CPU.Build.0 = Debug|Any CPU
		{C46D6AB3-7906-46D1-963B-758D9C8FB6B1}.Release|Any CPU.ActiveCfg = Release|Any CPU
		{C46D6AB3-7906-46D1-963B-758D9C8FB6B1}.Release|Any CPU.Build.0 = Release|Any CPU
	EndGlobalSection
	GlobalSection(SolutionProperties) = preSolution
		HideSolutionNode = FALSE
	EndGlobalSection
	GlobalSection(ExtensibilityGlobals) = postSolution
		SolutionGuid = {1CBE3811-B0EE-4891-943B-3847487DEA4B}
	EndGlobalSection
EndGlobal
